
Microsoft Visual Studio Solution File, Format Version 11.00
# Visual Studio 2010
Project("{FAE04EC0-301F-11D3-BF4B-00C04F79EFBC}") = "UnityEngine.TestRunner", "UnityEngine.TestRunner.csproj", "{d90ab23c-7a6e-5825-a9ec-2569f01f8654}"
EndProject
Project("{FAE04EC0-301F-11D3-BF4B-00C04F79EFBC}") = "Unity.Timeline", "Unity.Timeline.csproj", "{d98e0aee-40b0-a0ec-9944-0414c10329f5}"
EndProject
Project("{FAE04EC0-301F-11D3-BF4B-00C04F79EFBC}") = "UnityEngine.UI", "UnityEngine.UI.csproj", "{cff546af-5d8c-e0e3-a7d9-22138a7a1d50}"
EndProject
Project("{FAE04EC0-301F-11D3-BF4B-00C04F79EFBC}") = "Unity.TextMeshPro", "Unity.TextMeshPro.csproj", "{843185c5-d2a9-e1f3-7993-976dff02d720}"
EndProject
Project("{FAE04EC0-301F-11D3-BF4B-00C04F79EFBC}") = "Assembly-CSharp", "Assembly-CSharp.csproj", "{c04eaac9-583c-0276-f4dd-6df35eb35f31}"
EndProject
Project("{FAE04EC0-301F-11D3-BF4B-00C04F79EFBC}") = "UnityEditor.TestRunner", "UnityEditor.TestRunner.csproj", "{f90e1f8e-867f-dffa-1238-071e0bd4d310}"
EndProject
Project("{FAE04EC0-301F-11D3-BF4B-00C04F79EFBC}") = "Unity.PlasticSCM.Editor", "Unity.PlasticSCM.Editor.csproj", "{379d325a-b95d-4a8c-eee5-6b98c6df67bb}"
EndProject
Project("{FAE04EC0-301F-11D3-BF4B-00C04F79EFBC}") = "UnityEditor.UI", "UnityEditor.UI.csproj", "{7d4b09da-acb9-38e3-4699-cb42943a009d}"
EndProject
Project("{FAE04EC0-301F-11D3-BF4B-00C04F79EFBC}") = "Unity.Services.Core.Editor", "Unity.Services.Core.Editor.csproj", "{af623259-a206-f6c7-0023-8b61643a012c}"
EndProject
Project("{FAE04EC0-301F-11D3-BF4B-00C04F79EFBC}") = "Unity.Timeline.Editor", "Unity.Timeline.Editor.csproj", "{540c44ea-dd0a-128f-856e-6ee71ce72d33}"
EndProject
Project("{FAE04EC0-301F-11D3-BF4B-00C04F79EFBC}") = "Unity.VisualStudio.Editor", "Unity.VisualStudio.Editor.csproj", "{96d6373c-f119-323b-da0b-c0e9d1178349}"
EndProject
Project("{FAE04EC0-301F-11D3-BF4B-00C04F79EFBC}") = "Unity.TextMeshPro.Editor", "Unity.TextMeshPro.Editor.csproj", "{8f9eb4b8-f02d-ca65-b11d-314a0b1d1fa9}"
EndProject
Project("{FAE04EC0-301F-11D3-BF4B-00C04F79EFBC}") = "Unity.CollabProxy.Editor", "Unity.CollabProxy.Editor.csproj", "{95828608-f79e-c3d2-d7bb-a2d44f5e1eba}"
EndProject
Project("{FAE04EC0-301F-11D3-BF4B-00C04F79EFBC}") = "Unity.Rider.Editor", "Unity.Rider.Editor.csproj", "{7b8b01f1-cb7b-997b-f5d3-fb0837849a19}"
EndProject
Project("{FAE04EC0-301F-11D3-BF4B-00C04F79EFBC}") = "Unity.VSCode.Editor", "Unity.VSCode.Editor.csproj", "{4053a72c-83a4-adcc-735c-9c201d8a8fc0}"
EndProject
Global
	GlobalSection(SolutionConfigurationPlatforms) = preSolution
		Debug|Any CPU = Debug|Any CPU
	EndGlobalSection
	GlobalSection(ProjectConfigurationPlatforms) = postSolution
		{d90ab23c-7a6e-5825-a9ec-2569f01f8654}.Debug|Any CPU.ActiveCfg = Debug|Any CPU
		{d90ab23c-7a6e-5825-a9ec-2569f01f8654}.Debug|Any CPU.Build.0 = Debug|Any CPU
		{d98e0aee-40b0-a0ec-9944-0414c10329f5}.Debug|Any CPU.ActiveCfg = Debug|Any CPU
		{d98e0aee-40b0-a0ec-9944-0414c10329f5}.Debug|Any CPU.Build.0 = Debug|Any CPU
		{cff546af-5d8c-e0e3-a7d9-22138a7a1d50}.Debug|Any CPU.ActiveCfg = Debug|Any CPU
		{cff546af-5d8c-e0e3-a7d9-22138a7a1d50}.Debug|Any CPU.Build.0 = Debug|Any CPU
		{843185c5-d2a9-e1f3-7993-976dff02d720}.Debug|Any CPU.ActiveCfg = Debug|Any CPU
		{843185c5-d2a9-e1f3-7993-976dff02d720}.Debug|Any CPU.Build.0 = Debug|Any CPU
		{c04eaac9-583c-0276-f4dd-6df35eb35f31}.Debug|Any CPU.ActiveCfg = Debug|Any CPU
		{c04eaac9-583c-0276-f4dd-6df35eb35f31}.Debug|Any CPU.Build.0 = Debug|Any CPU
		{f90e1f8e-867f-dffa-1238-071e0bd4d310}.Debug|Any CPU.ActiveCfg = Debug|Any CPU
		{f90e1f8e-867f-dffa-1238-071e0bd4d310}.Debug|Any CPU.Build.0 = Debug|Any CPU
		{379d325a-b95d-4a8c-eee5-6b98c6df67bb}.Debug|Any CPU.ActiveCfg = Debug|Any CPU
		{379d325a-b95d-4a8c-eee5-6b98c6df67bb}.Debug|Any CPU.Build.0 = Debug|Any CPU
		{7d4b09da-acb9-38e3-4699-cb42943a009d}.Debug|Any CPU.ActiveCfg = Debug|Any CPU
		{7d4b09da-acb9-38e3-4699-cb42943a009d}.Debug|Any CPU.Build.0 = Debug|Any CPU
		{af623259-a206-f6c7-0023-8b61643a012c}.Debug|Any CPU.ActiveCfg = Debug|Any CPU
		{af623259-a206-f6c7-0023-8b61643a012c}.Debug|Any CPU.Build.0 = Debug|Any CPU
		{540c44ea-dd0a-128f-856e-6ee71ce72d33}.Debug|Any CPU.ActiveCfg = Debug|Any CPU
		{540c44ea-dd0a-128f-856e-6ee71ce72d33}.Debug|Any CPU.Build.0 = Debug|Any CPU
		{96d6373c-f119-323b-da0b-c0e9d1178349}.Debug|Any CPU.ActiveCfg = Debug|Any CPU
		{96d6373c-f119-323b-da0b-c0e9d1178349}.Debug|Any CPU.Build.0 = Debug|Any CPU
		{8f9eb4b8-f02d-ca65-b11d-314a0b1d1fa9}.Debug|Any CPU.ActiveCfg = Debug|Any CPU
		{8f9eb4b8-f02d-ca65-b11d-314a0b1d1fa9}.Debug|Any CPU.Build.0 = Debug|Any CPU
		{95828608-f79e-c3d2-d7bb-a2d44f5e1eba}.Debug|Any CPU.ActiveCfg = Debug|Any CPU
		{95828608-f79e-c3d2-d7bb-a2d44f5e1eba}.Debug|Any CPU.Build.0 = Debug|Any CPU
		{7b8b01f1-cb7b-997b-f5d3-fb0837849a19}.Debug|Any CPU.ActiveCfg = Debug|Any CPU
		{7b8b01f1-cb7b-997b-f5d3-fb0837849a19}.Debug|Any CPU.Build.0 = Debug|Any CPU
		{4053a72c-83a4-adcc-735c-9c201d8a8fc0}.Debug|Any CPU.ActiveCfg = Debug|Any CPU
		{4053a72c-83a4-adcc-735c-9c201d8a8fc0}.Debug|Any CPU.Build.0 = Debug|Any CPU
	EndGlobalSection
	GlobalSection(SolutionProperties) = preSolution
		HideSolutionNode = FALSE
	EndGlobalSection
EndGlobal
